
Microsoft Visual Studio Solution File, Format Version 12.00
# Visual Studio Version 17
VisualStudioVersion = 17.14.36915.13 d17.14
MinimumVisualStudioVersion = 10.0.40219.1
Project("{FAE04EC0-301F-11D3-BF4B-00C04F79EFBC}") = "COM_fix", "COM_fix\COM_fix.csproj", "{49CC60F4-8B0F-463B-9BA6-ACDC5E4A0B75}"
EndProject
Global
	GlobalSection(SolutionConfigurationPlatforms) = preSolution
		Debug|Any CPU = Debug|Any CPU
		Release|Any CPU = Release|Any CPU
	EndGlobalSection
	GlobalSection(ProjectConfigurationPlatforms) = postSolution
		{49CC60F4-8B0F-463B-9BA6-ACDC5E4A0B75}.Debug|Any CPU.ActiveCfg = Debug|Any CPU
		{49CC60F4-8B0F-463B-9BA6-ACDC5E4A0B75}.Debug|Any CPU.Build.0 = Debug|Any CPU
		{49CC60F4-8B0F-463B-9BA6-ACDC5E4A0B75}.Release|Any CPU.ActiveCfg = Release|Any CPU
		{49CC60F4-8B0F-463B-9BA6-ACDC5E4A0B75}.Release|Any CPU.Build.0 = Release|Any CPU
	EndGlobalSection
	GlobalSection(SolutionProperties) = preSolution
		HideSolutionNode = FALSE
	EndGlobalSection
	GlobalSection(ExtensibilityGlobals) = postSolution
		SolutionGuid = {5EFC5AFE-3350-4892-B049-93AF0D87EAD1}
	EndGlobalSection
EndGlobal
